
Microsoft Visual Studio Solution File, Format Version 12.00
# Visual Studio Version 17
VisualStudioVersion = 17.5.002.0
MinimumVisualStudioVersion = 10.0.40219.1
Project("{9A19103F-16F7-4668-BE54-9A1E7A4F7556}") = "JsPlayground2021.Web", "JsPlayground2021.Web.csproj", "{829390FB-FF63-418F-89AF-C2624A03CBD6}"
EndProject
Global
	GlobalSection(SolutionConfigurationPlatforms) = preSolution
		Debug|Any CPU = Debug|Any CPU
		Release|Any CPU = Release|Any CPU
	EndGlobalSection
	GlobalSection(ProjectConfigurationPlatforms) = postSolution
		{829390FB-FF63-418F-89AF-C2624A03CBD6}.Debug|Any CPU.ActiveCfg = Debug|Any CPU
		{829390FB-FF63-418F-89AF-C2624A03CBD6}.Debug|Any CPU.Build.0 = Debug|Any CPU
		{829390FB-FF63-418F-89AF-C2624A03CBD6}.Release|Any CPU.ActiveCfg = Release|Any CPU
		{829390FB-FF63-418F-89AF-C2624A03CBD6}.Release|Any CPU.Build.0 = Release|Any CPU
	EndGlobalSection
	GlobalSection(SolutionProperties) = preSolution
		HideSolutionNode = FALSE
	EndGlobalSection
	GlobalSection(ExtensibilityGlobals) = postSolution
		SolutionGuid = {7A6C0662-E597-4837-9C9E-BD162A5D5EF8}
	EndGlobalSection
EndGlobal
