
Microsoft Visual Studio Solution File, Format Version 12.00
# Visual Studio Version 17
VisualStudioVersion = 17.2.32526.322
MinimumVisualStudioVersion = 10.0.40219.1
Project("{9A19103F-16F7-4668-BE54-9A1E7A4F7556}") = "JsPlayground2021.Web", "JsPlayground2021.Web\JsPlayground2021.Web.csproj", "{C01533F0-6D44-4E35-9686-B466ED51F39B}"
EndProject
Global
	GlobalSection(SolutionConfigurationPlatforms) = preSolution
		Debug|Any CPU = Debug|Any CPU
		Release|Any CPU = Release|Any CPU
	EndGlobalSection
	GlobalSection(ProjectConfigurationPlatforms) = postSolution
		{C01533F0-6D44-4E35-9686-B466ED51F39B}.Debug|Any CPU.ActiveCfg = Debug|Any CPU
		{C01533F0-6D44-4E35-9686-B466ED51F39B}.Debug|Any CPU.Build.0 = Debug|Any CPU
		{C01533F0-6D44-4E35-9686-B466ED51F39B}.Release|Any CPU.ActiveCfg = Release|Any CPU
		{C01533F0-6D44-4E35-9686-B466ED51F39B}.Release|Any CPU.Build.0 = Release|Any CPU
	EndGlobalSection
	GlobalSection(SolutionProperties) = preSolution
		HideSolutionNode = FALSE
	EndGlobalSection
	GlobalSection(ExtensibilityGlobals) = postSolution
		SolutionGuid = {4A8DA0C9-C911-4859-AD31-D532F0CC9A0C}
	EndGlobalSection
EndGlobal
